
Microsoft Visual Studio Solution File, Format Version 12.00
# Visual Studio 15
VisualStudioVersion = 15.0.26430.16
MinimumVisualStudioVersion = 10.0.40219.1
Project("{FAE04EC0-301F-11D3-BF4B-00C04F79EFBC}") = "telegramBot", "telegramBot\telegramBot.csproj", "{409DD308-0485-40BB-AC47-F0BD468D57FB}"
EndProject
Global
	GlobalSection(SolutionConfigurationPlatforms) = preSolution
		Debug|Any CPU = Debug|Any CPU
		Release|Any CPU = Release|Any CPU
	EndGlobalSection
	GlobalSection(ProjectConfigurationPlatforms) = postSolution
		{409DD308-0485-40BB-AC47-F0BD468D57FB}.Debug|Any CPU.ActiveCfg = Debug|Any CPU
		{409DD308-0485-40BB-AC47-F0BD468D57FB}.Debug|Any CPU.Build.0 = Debug|Any CPU
		{409DD308-0485-40BB-AC47-F0BD468D57FB}.Release|Any CPU.ActiveCfg = Release|Any CPU
		{409DD308-0485-40BB-AC47-F0BD468D57FB}.Release|Any CPU.Build.0 = Release|Any CPU
	EndGlobalSection
	GlobalSection(SolutionProperties) = preSolution
		HideSolutionNode = FALSE
	EndGlobalSection
EndGlobal
